// !$*UTF8*$!
{
	archiveVersion = 1;
	classes = {
	};
	objectVersion = 50;
	objects = {

/* Begin PBXBuildFile section */
		143471792692DD8700A1E190 /* FoodTruckViewController.swift in Sources */ = {isa = PBXBuildFile; fileRef = 143471782692DD8700A1E190 /* FoodTruckViewController.swift */; };
		1467CECD2682BBA300CB249E /* AppDelegate.swift in Sources */ = {isa = PBXBuildFile; fileRef = 1467CECC2682BBA300CB249E /* AppDelegate.swift */; };
		1467CECF2682BBA300CB249E /* SceneDelegate.swift in Sources */ = {isa = PBXBuildFile; fileRef = 1467CECE2682BBA300CB249E /* SceneDelegate.swift */; };
		1467CED12682BBA300CB249E /* ViewController.swift in Sources */ = {isa = PBXBuildFile; fileRef = 1467CED02682BBA300CB249E /* ViewController.swift */; };
		1467CED42682BBA400CB249E /* Main.storyboard in Resources */ = {isa = PBXBuildFile; fileRef = 1467CED22682BBA400CB249E /* Main.storyboard */; };
		1467CED62682BBA600CB249E /* Assets.xcassets in Resources */ = {isa = PBXBuildFile; fileRef = 1467CED52682BBA600CB249E /* Assets.xcassets */; };
		1467CED92682BBA600CB249E /* LaunchScreen.storyboard in Resources */ = {isa = PBXBuildFile; fileRef = 1467CED72682BBA600CB249E /* LaunchScreen.storyboard */; };
		1467CEE42682BBA600CB249E /* food_trucksTests.swift in Sources */ = {isa = PBXBuildFile; fileRef = 1467CEE32682BBA600CB249E /* food_trucksTests.swift */; };
		1467CEEF2682BBA600CB249E /* food_trucksUITests.swift in Sources */ = {isa = PBXBuildFile; fileRef = 1467CEEE2682BBA600CB249E /* food_trucksUITests.swift */; };
		1467CEFF2682CB9C00CB249E /* LoginViewController.swift in Sources */ = {isa = PBXBuildFile; fileRef = 1467CEFE2682CB9C00CB249E /* LoginViewController.swift */; };
		1467CF012682CCD300CB249E /* SignUpViewController.swift in Sources */ = {isa = PBXBuildFile; fileRef = 1467CF002682CCD300CB249E /* SignUpViewController.swift */; };
		1467CF052682DF6500CB249E /* Helper.swift in Sources */ = {isa = PBXBuildFile; fileRef = 1467CF042682DF6400CB249E /* Helper.swift */; };
		1482C0FF268913DA009850DB /* MapViewController.swift in Sources */ = {isa = PBXBuildFile; fileRef = 1482C0FE268913DA009850DB /* MapViewController.swift */; };
		1482C1012689141E009850DB /* ZipCodeViewController.swift in Sources */ = {isa = PBXBuildFile; fileRef = 1482C1002689141E009850DB /* ZipCodeViewController.swift */; };
/* End PBXBuildFile section */

/* Begin PBXContainerItemProxy section */
		1467CEE02682BBA600CB249E /* PBXContainerItemProxy */ = {
			isa = PBXContainerItemProxy;
			containerPortal = 1467CEC12682BBA300CB249E /* Project object */;
			proxyType = 1;
			remoteGlobalIDString = 1467CEC82682BBA300CB249E;
			remoteInfo = "food-trucks";
		};
		1467CEEB2682BBA600CB249E /* PBXContainerItemProxy */ = {
			isa = PBXContainerItemProxy;
			containerPortal = 1467CEC12682BBA300CB249E /* Project object */;
			proxyType = 1;
			remoteGlobalIDString = 1467CEC82682BBA300CB249E;
			remoteInfo = "food-trucks";
		};
/* End PBXContainerItemProxy section */

/* Begin PBXFileReference section */
		143471782692DD8700A1E190 /* FoodTruckViewController.swift */ = {isa = PBXFileReference; lastKnownFileType = sourcecode.swift; path = FoodTruckViewController.swift; sourceTree = "<group>"; };
		1467CEC92682BBA300CB249E /* food-trucks.app */ = {isa = PBXFileReference; explicitFileType = wrapper.application; includeInIndex = 0; path = "food-trucks.app"; sourceTree = BUILT_PRODUCTS_DIR; };
		1467CECC2682BBA300CB249E /* AppDelegate.swift */ = {isa = PBXFileReference; lastKnownFileType = sourcecode.swift; path = AppDelegate.swift; sourceTree = "<group>"; };
		1467CECE2682BBA300CB249E /* SceneDelegate.swift */ = {isa = PBXFileReference; lastKnownFileType = sourcecode.swift; path = SceneDelegate.swift; sourceTree = "<group>"; };
		1467CED02682BBA300CB249E /* ViewController.swift */ = {isa = PBXFileReference; lastKnownFileType = sourcecode.swift; path = ViewController.swift; sourceTree = "<group>"; };
		1467CED32682BBA400CB249E /* Base */ = {isa = PBXFileReference; lastKnownFileType = file.storyboard; name = Base; path = Base.lproj/Main.storyboard; sourceTree = "<group>"; };
		1467CED52682BBA600CB249E /* Assets.xcassets */ = {isa = PBXFileReference; lastKnownFileType = folder.assetcatalog; path = Assets.xcassets; sourceTree = "<group>"; };
		1467CED82682BBA600CB249E /* Base */ = {isa = PBXFileReference; lastKnownFileType = file.storyboard; name = Base; path = Base.lproj/LaunchScreen.storyboard; sourceTree = "<group>"; };
		1467CEDA2682BBA600CB249E /* Info.plist */ = {isa = PBXFileReference; lastKnownFileType = text.plist.xml; path = Info.plist; sourceTree = "<group>"; };
		1467CEDF2682BBA600CB249E /* food-trucksTests.xctest */ = {isa = PBXFileReference; explicitFileType = wrapper.cfbundle; includeInIndex = 0; path = "food-trucksTests.xctest"; sourceTree = BUILT_PRODUCTS_DIR; };
		1467CEE32682BBA600CB249E /* food_trucksTests.swift */ = {isa = PBXFileReference; lastKnownFileType = sourcecode.swift; path = food_trucksTests.swift; sourceTree = "<group>"; };
		1467CEE52682BBA600CB249E /* Info.plist */ = {isa = PBXFileReference; lastKnownFileType = text.plist.xml; path = Info.plist; sourceTree = "<group>"; };
		1467CEEA2682BBA600CB249E /* food-trucksUITests.xctest */ = {isa = PBXFileReference; explicitFileType = wrapper.cfbundle; includeInIndex = 0; path = "food-trucksUITests.xctest"; sourceTree = BUILT_PRODUCTS_DIR; };
		1467CEEE2682BBA600CB249E /* food_trucksUITests.swift */ = {isa = PBXFileReference; lastKnownFileType = sourcecode.swift; path = food_trucksUITests.swift; sourceTree = "<group>"; };
		1467CEF02682BBA600CB249E /* Info.plist */ = {isa = PBXFileReference; lastKnownFileType = text.plist.xml; path = Info.plist; sourceTree = "<group>"; };
		1467CEFE2682CB9C00CB249E /* LoginViewController.swift */ = {isa = PBXFileReference; lastKnownFileType = sourcecode.swift; path = LoginViewController.swift; sourceTree = "<group>"; };
		1467CF002682CCD300CB249E /* SignUpViewController.swift */ = {isa = PBXFileReference; lastKnownFileType = sourcecode.swift; path = SignUpViewController.swift; sourceTree = "<group>"; };
		1467CF042682DF6400CB249E /* Helper.swift */ = {isa = PBXFileReference; lastKnownFileType = sourcecode.swift; path = Helper.swift; sourceTree = "<group>"; };
		1482C0FE268913DA009850DB /* MapViewController.swift */ = {isa = PBXFileReference; lastKnownFileType = sourcecode.swift; path = MapViewController.swift; sourceTree = "<group>"; };
		1482C1002689141E009850DB /* ZipCodeViewController.swift */ = {isa = PBXFileReference; lastKnownFileType = sourcecode.swift; path = ZipCodeViewController.swift; sourceTree = "<group>"; };
/* End PBXFileReference section */

/* Begin PBXFrameworksBuildPhase section */
		1467CEC62682BBA300CB249E /* Frameworks */ = {
			isa = PBXFrameworksBuildPhase;
			buildActionMask = 2147483647;
			files = (
			);
			runOnlyForDeploymentPostprocessing = 0;
		};
		1467CEDC2682BBA600CB249E /* Frameworks */ = {
			isa = PBXFrameworksBuildPhase;
			buildActionMask = 2147483647;
			files = (
			);
			runOnlyForDeploymentPostprocessing = 0;
		};
		1467CEE72682BBA600CB249E /* Frameworks */ = {
			isa = PBXFrameworksBuildPhase;
			buildActionMask = 2147483647;
			files = (
			);
			runOnlyForDeploymentPostprocessing = 0;
		};
/* End PBXFrameworksBuildPhase section */

/* Begin PBXGroup section */
		1467CEC02682BBA300CB249E = {
			isa = PBXGroup;
			children = (
				1467CECB2682BBA300CB249E /* food-trucks */,
				1467CEE22682BBA600CB249E /* food-trucksTests */,
				1467CEED2682BBA600CB249E /* food-trucksUITests */,
				1467CECA2682BBA300CB249E /* Products */,
			);
			sourceTree = "<group>";
		};
		1467CECA2682BBA300CB249E /* Products */ = {
			isa = PBXGroup;
			children = (
				1467CEC92682BBA300CB249E /* food-trucks.app */,
				1467CEDF2682BBA600CB249E /* food-trucksTests.xctest */,
				1467CEEA2682BBA600CB249E /* food-trucksUITests.xctest */,
			);
			name = Products;
			sourceTree = "<group>";
		};
		1467CECB2682BBA300CB249E /* food-trucks */ = {
			isa = PBXGroup;
			children = (
				143471782692DD8700A1E190 /* FoodTruckViewController.swift */,
				1467CEFE2682CB9C00CB249E /* LoginViewController.swift */,
				1467CF002682CCD300CB249E /* SignUpViewController.swift */,
				1482C1002689141E009850DB /* ZipCodeViewController.swift */,
				1482C0FE268913DA009850DB /* MapViewController.swift */,
				1467CED22682BBA400CB249E /* Main.storyboard */,
				1467CECC2682BBA300CB249E /* AppDelegate.swift */,
				1467CECE2682BBA300CB249E /* SceneDelegate.swift */,
				1467CED02682BBA300CB249E /* ViewController.swift */,
				1467CED52682BBA600CB249E /* Assets.xcassets */,
				1467CED72682BBA600CB249E /* LaunchScreen.storyboard */,
				1467CEDA2682BBA600CB249E /* Info.plist */,
				1467CF042682DF6400CB249E /* Helper.swift */,
			);
			path = "food-trucks";
			sourceTree = "<group>";
		};
		1467CEE22682BBA600CB249E /* food-trucksTests */ = {
			isa = PBXGroup;
			children = (
				1467CEE32682BBA600CB249E /* food_trucksTests.swift */,
				1467CEE52682BBA600CB249E /* Info.plist */,
			);
			path = "food-trucksTests";
			sourceTree = "<group>";
		};
		1467CEED2682BBA600CB249E /* food-trucksUITests */ = {
			isa = PBXGroup;
			children = (
				1467CEEE2682BBA600CB249E /* food_trucksUITests.swift */,
				1467CEF02682BBA600CB249E /* Info.plist */,
			);
			path = "food-trucksUITests";
			sourceTree = "<group>";
		};
/* End PBXGroup section */

/* Begin PBXNativeTarget section */
		1467CEC82682BBA300CB249E /* food-trucks */ = {
			isa = PBXNativeTarget;
			buildConfigurationList = 1467CEF32682BBA600CB249E /* Build configuration list for PBXNativeTarget "food-trucks" */;
			buildPhases = (
				1467CEC52682BBA300CB249E /* Sources */,
				1467CEC62682BBA300CB249E /* Frameworks */,
				1467CEC72682BBA300CB249E /* Resources */,
			);
			buildRules = (
			);
			dependencies = (
			);
			name = "food-trucks";
			productName = "food-trucks";
			productReference = 1467CEC92682BBA300CB249E /* food-trucks.app */;
			productType = "com.apple.product-type.application";
		};
		1467CEDE2682BBA600CB249E /* food-trucksTests */ = {
			isa = PBXNativeTarget;
			buildConfigurationList = 1467CEF62682BBA600CB249E /* Build configuration list for PBXNativeTarget "food-trucksTests" */;
			buildPhases = (
				1467CEDB2682BBA600CB249E /* Sources */,
				1467CEDC2682BBA600CB249E /* Frameworks */,
				1467CEDD2682BBA600CB249E /* Resources */,
			);
			buildRules = (
			);
			dependencies = (
				1467CEE12682BBA600CB249E /* PBXTargetDependency */,
			);
			name = "food-trucksTests";
			productName = "food-trucksTests";
			productReference = 1467CEDF2682BBA600CB249E /* food-trucksTests.xctest */;
			productType = "com.apple.product-type.bundle.unit-test";
		};
		1467CEE92682BBA600CB249E /* food-trucksUITests */ = {
			isa = PBXNativeTarget;
			buildConfigurationList = 1467CEF92682BBA600CB249E /* Build configuration list for PBXNativeTarget "food-trucksUITests" */;
			buildPhases = (
				1467CEE62682BBA600CB249E /* Sources */,
				1467CEE72682BBA600CB249E /* Frameworks */,
				1467CEE82682BBA600CB249E /* Resources */,
			);
			buildRules = (
			);
			dependencies = (
				1467CEEC2682BBA600CB249E /* PBXTargetDependency */,
			);
			name = "food-trucksUITests";
			productName = "food-trucksUITests";
			productReference = 1467CEEA2682BBA600CB249E /* food-trucksUITests.xctest */;
			productType = "com.apple.product-type.bundle.ui-testing";
		};
/* End PBXNativeTarget section */

/* Begin PBXProject section */
		1467CEC12682BBA300CB249E /* Project object */ = {
			isa = PBXProject;
			attributes = {
				LastSwiftUpdateCheck = 1250;
				LastUpgradeCheck = 1250;
				TargetAttributes = {
					1467CEC82682BBA300CB249E = {
						CreatedOnToolsVersion = 12.5;
					};
					1467CEDE2682BBA600CB249E = {
						CreatedOnToolsVersion = 12.5;
						TestTargetID = 1467CEC82682BBA300CB249E;
					};
					1467CEE92682BBA600CB249E = {
						CreatedOnToolsVersion = 12.5;
						TestTargetID = 1467CEC82682BBA300CB249E;
					};
				};
			};
			buildConfigurationList = 1467CEC42682BBA300CB249E /* Build configuration list for PBXProject "food-trucks" */;
			compatibilityVersion = "Xcode 9.3";
			developmentRegion = en;
			hasScannedForEncodings = 0;
			knownRegions = (
				en,
				Base,
			);
			mainGroup = 1467CEC02682BBA300CB249E;
			productRefGroup = 1467CECA2682BBA300CB249E /* Products */;
			projectDirPath = "";
			projectRoot = "";
			targets = (
				1467CEC82682BBA300CB249E /* food-trucks */,
				1467CEDE2682BBA600CB249E /* food-trucksTests */,
				1467CEE92682BBA600CB249E /* food-trucksUITests */,
			);
		};
/* End PBXProject section */

/* Begin PBXResourcesBuildPhase section */
		1467CEC72682BBA300CB249E /* Resources */ = {
			isa = PBXResourcesBuildPhase;
			buildActionMask = 2147483647;
			files = (
				1467CED92682BBA600CB249E /* LaunchScreen.storyboard in Resources */,
				1467CED62682BBA600CB249E /* Assets.xcassets in Resources */,
				1467CED42682BBA400CB249E /* Main.storyboard in Resources */,
			);
			runOnlyForDeploymentPostprocessing = 0;
		};
		1467CEDD2682BBA600CB249E /* Resources */ = {
			isa = PBXResourcesBuildPhase;
			buildActionMask = 2147483647;
			files = (
			);
			runOnlyForDeploymentPostprocessing = 0;
		};
		1467CEE82682BBA600CB249E /* Resources */ = {
			isa = PBXResourcesBuildPhase;
			buildActionMask = 2147483647;
			files = (
			);
			runOnlyForDeploymentPostprocessing = 0;
		};
/* End PBXResourcesBuildPhase section */

/* Begin PBXSourcesBuildPhase section */
		1467CEC52682BBA300CB249E /* Sources */ = {
			isa = PBXSourcesBuildPhase;
			buildActionMask = 2147483647;
			files = (
				1467CED12682BBA300CB249E /* ViewController.swift in Sources */,
				1467CECD2682BBA300CB249E /* AppDelegate.swift in Sources */,
				1467CECF2682BBA300CB249E /* SceneDelegate.swift in Sources */,
				1482C1012689141E009850DB /* ZipCodeViewController.swift in Sources */,
				1467CEFF2682CB9C00CB249E /* LoginViewController.swift in Sources */,
				1467CF012682CCD300CB249E /* SignUpViewController.swift in Sources */,
				1467CF052682DF6500CB249E /* Helper.swift in Sources */,
				1482C0FF268913DA009850DB /* MapViewController.swift in Sources */,
				143471792692DD8700A1E190 /* FoodTruckViewController.swift in Sources */,
			);
			runOnlyForDeploymentPostprocessing = 0;
		};
		1467CEDB2682BBA600CB249E /* Sources */ = {
			isa = PBXSourcesBuildPhase;
			buildActionMask = 2147483647;
			files = (
				1467CEE42682BBA600CB249E /* food_trucksTests.swift in Sources */,
			);
			runOnlyForDeploymentPostprocessing = 0;
		};
		1467CEE62682BBA600CB249E /* Sources */ = {
			isa = PBXSourcesBuildPhase;
			buildActionMask = 2147483647;
			files = (
				1467CEEF2682BBA600CB249E /* food_trucksUITests.swift in Sources */,
			);
			runOnlyForDeploymentPostprocessing = 0;
		};
/* End PBXSourcesBuildPhase section */

/* Begin PBXTargetDependency section */
		1467CEE12682BBA600CB249E /* PBXTargetDependency */ = {
			isa = PBXTargetDependency;
			target = 1467CEC82682BBA300CB249E /* food-trucks */;
			targetProxy = 1467CEE02682BBA600CB249E /* PBXContainerItemProxy */;
		};
		1467CEEC2682BBA600CB249E /* PBXTargetDependency */ = {
			isa = PBXTargetDependency;
			target = 1467CEC82682BBA300CB249E /* food-trucks */;
			targetProxy = 1467CEEB2682BBA600CB249E /* PBXContainerItemProxy */;
		};
/* End PBXTargetDependency section */

/* Begin PBXVariantGroup section */
		1467CED22682BBA400CB249E /* Main.storyboard */ = {
			isa = PBXVariantGroup;
			children = (
				1467CED32682BBA400CB249E /* Base */,
			);
			name = Main.storyboard;
			sourceTree = "<group>";
		};
		1467CED72682BBA600CB249E /* LaunchScreen.storyboard */ = {
			isa = PBXVariantGroup;
			children = (
				1467CED82682BBA600CB249E /* Base */,
			);
			name = LaunchScreen.storyboard;
			sourceTree = "<group>";
		};
/* End PBXVariantGroup section */

/* Begin XCBuildConfiguration section */
		1467CEF12682BBA600CB249E /* Debug */ = {
			isa = XCBuildConfiguration;
			buildSettings = {
				ALWAYS_SEARCH_USER_PATHS = NO;
				CLANG_ANALYZER_NONNULL = YES;
				CLANG_ANALYZER_NUMBER_OBJECT_CONVERSION = YES_AGGRESSIVE;
				CLANG_CXX_LANGUAGE_STANDARD = "gnu++14";
				CLANG_CXX_LIBRARY = "libc++";
				CLANG_ENABLE_MODULES = YES;
				CLANG_ENABLE_OBJC_ARC = YES;
				CLANG_ENABLE_OBJC_WEAK = YES;
				CLANG_WARN_BLOCK_CAPTURE_AUTORELEASING = YES;
				CLANG_WARN_BOOL_CONVERSION = YES;
				CLANG_WARN_COMMA = YES;
				CLANG_WARN_CONSTANT_CONVERSION = YES;
				CLANG_WARN_DEPRECATED_OBJC_IMPLEMENTATIONS = YES;
				CLANG_WARN_DIRECT_OBJC_ISA_USAGE = YES_ERROR;
				CLANG_WARN_DOCUMENTATION_COMMENTS = YES;
				CLANG_WARN_EMPTY_BODY = YES;
				CLANG_WARN_ENUM_CONVERSION = YES;
				CLANG_WARN_INFINITE_RECURSION = YES;
				CLANG_WARN_INT_CONVERSION = YES;
				CLANG_WARN_NON_LITERAL_NULL_CONVERSION = YES;
				CLANG_WARN_OBJC_IMPLICIT_RETAIN_SELF = YES;
				CLANG_WARN_OBJC_LITERAL_CONVERSION = YES;
				CLANG_WARN_OBJC_ROOT_CLASS = YES_ERROR;
				CLANG_WARN_QUOTED_INCLUDE_IN_FRAMEWORK_HEADER = YES;
				CLANG_WARN_RANGE_LOOP_ANALYSIS = YES;
				CLANG_WARN_STRICT_PROTOTYPES = YES;
				CLANG_WARN_SUSPICIOUS_MOVE = YES;
				CLANG_WARN_UNGUARDED_AVAILABILITY = YES_AGGRESSIVE;
				CLANG_WARN_UNREACHABLE_CODE = YES;
				CLANG_WARN__DUPLICATE_METHOD_MATCH = YES;
				COPY_PHASE_STRIP = NO;
				DEBUG_INFORMATION_FORMAT = dwarf;
				ENABLE_STRICT_OBJC_MSGSEND = YES;
				ENABLE_TESTABILITY = YES;
				GCC_C_LANGUAGE_STANDARD = gnu11;
				GCC_DYNAMIC_NO_PIC = NO;
				GCC_NO_COMMON_BLOCKS = YES;
				GCC_OPTIMIZATION_LEVEL = 0;
				GCC_PREPROCESSOR_DEFINITIONS = (
					"DEBUG=1",
					"$(inherited)",
				);
				GCC_WARN_64_TO_32_BIT_CONVERSION = YES;
				GCC_WARN_ABOUT_RETURN_TYPE = YES_ERROR;
				GCC_WARN_UNDECLARED_SELECTOR = YES;
				GCC_WARN_UNINITIALIZED_AUTOS = YES_AGGRESSIVE;
				GCC_WARN_UNUSED_FUNCTION = YES;
				GCC_WARN_UNUSED_VARIABLE = YES;
				IPHONEOS_DEPLOYMENT_TARGET = 14.5;
				MTL_ENABLE_DEBUG_INFO = INCLUDE_SOURCE;
				MTL_FAST_MATH = YES;
				ONLY_ACTIVE_ARCH = YES;
				SDKROOT = iphoneos;
				SWIFT_ACTIVE_COMPILATION_CONDITIONS = DEBUG;
				SWIFT_OPTIMIZATION_LEVEL = "-Onone";
			};
			name = Debug;
		};
		1467CEF22682BBA600CB249E /* Release */ = {
			isa = XCBuildConfiguration;
			buildSettings = {
				ALWAYS_SEARCH_USER_PATHS = NO;
				CLANG_ANALYZER_NONNULL = YES;
				CLANG_ANALYZER_NUMBER_OBJECT_CONVERSION = YES_AGGRESSIVE;
				CLANG_CXX_LANGUAGE_STANDARD = "gnu++14";
				CLANG_CXX_LIBRARY = "libc++";
				CLANG_ENABLE_MODULES = YES;
				CLANG_ENABLE_OBJC_ARC = YES;
				CLANG_ENABLE_OBJC_WEAK = YES;
				CLANG_WARN_BLOCK_CAPTURE_AUTORELEASING = YES;
				CLANG_WARN_BOOL_CONVERSION = YES;
				CLANG_WARN_COMMA = YES;
				CLANG_WARN_CONSTANT_CONVERSION = YES;
				CLANG_WARN_DEPRECATED_OBJC_IMPLEMENTATIONS = YES;
				CLANG_WARN_DIRECT_OBJC_ISA_USAGE = YES_ERROR;
				CLANG_WARN_DOCUMENTATION_COMMENTS = YES;
				CLANG_WARN_EMPTY_BODY = YES;
				CLANG_WARN_ENUM_CONVERSION = YES;
				CLANG_WARN_INFINITE_RECURSION = YES;
				CLANG_WARN_INT_CONVERSION = YES;
				CLANG_WARN_NON_LITERAL_NULL_CONVERSION = YES;
				CLANG_WARN_OBJC_IMPLICIT_RETAIN_SELF = YES;
				CLANG_WARN_OBJC_LITERAL_CONVERSION = YES;
				CLANG_WARN_OBJC_ROOT_CLASS = YES_ERROR;
				CLANG_WARN_QUOTED_INCLUDE_IN_FRAMEWORK_HEADER = YES;
				CLANG_WARN_RANGE_LOOP_ANALYSIS = YES;
				CLANG_WARN_STRICT_PROTOTYPES = YES;
				CLANG_WARN_SUSPICIOUS_MOVE = YES;
				CLANG_WARN_UNGUARDED_AVAILABILITY = YES_AGGRESSIVE;
				CLANG_WARN_UNREACHABLE_CODE = YES;
				CLANG_WARN__DUPLICATE_METHOD_MATCH = YES;
				COPY_PHASE_STRIP = NO;
				DEBUG_INFORMATION_FORMAT = "dwarf-with-dsym";
				ENABLE_NS_ASSERTIONS = NO;
				ENABLE_STRICT_OBJC_MSGSEND = YES;
				GCC_C_LANGUAGE_STANDARD = gnu11;
				GCC_NO_COMMON_BLOCKS = YES;
				GCC_WARN_64_TO_32_BIT_CONVERSION = YES;
				GCC_WARN_ABOUT_RETURN_TYPE = YES_ERROR;
				GCC_WARN_UNDECLARED_SELECTOR = YES;
				GCC_WARN_UNINITIALIZED_AUTOS = YES_AGGRESSIVE;
				GCC_WARN_UNUSED_FUNCTION = YES;
				GCC_WARN_UNUSED_VARIABLE = YES;
				IPHONEOS_DEPLOYMENT_TARGET = 14.5;
				MTL_ENABLE_DEBUG_INFO = NO;
				MTL_FAST_MATH = YES;
				SDKROOT = iphoneos;
				SWIFT_COMPILATION_MODE = wholemodule;
				SWIFT_OPTIMIZATION_LEVEL = "-O";
				VALIDATE_PRODUCT = YES;
			};
			name = Release;
		};
		1467CEF42682BBA600CB249E /* Debug */ = {
			isa = XCBuildConfiguration;
			buildSettings = {
				ASSETCATALOG_COMPILER_APPICON_NAME = AppIcon;
				ASSETCATALOG_COMPILER_GLOBAL_ACCENT_COLOR_NAME = AccentColor;
				CODE_SIGN_STYLE = Automatic;
				DEVELOPMENT_TEAM = AA7725GWW4;
				INFOPLIST_FILE = "food-trucks/Info.plist";
				LD_RUNPATH_SEARCH_PATHS = (
					"$(inherited)",
					"@executable_path/Frameworks",
				);
				PRODUCT_BUNDLE_IDENTIFIER = "com.zackrubin.food-trucks";
				PRODUCT_NAME = "$(TARGET_NAME)";
				SWIFT_VERSION = 5.0;
				TARGETED_DEVICE_FAMILY = "1,2";
			};
			name = Debug;
		};
		1467CEF52682BBA600CB249E /* Release */ = {
			isa = XCBuildConfiguration;
			buildSettings = {
				ASSETCATALOG_COMPILER_APPICON_NAME = AppIcon;
				ASSETCATALOG_COMPILER_GLOBAL_ACCENT_COLOR_NAME = AccentColor;
				CODE_SIGN_STYLE = Automatic;
				DEVELOPMENT_TEAM = AA7725GWW4;
				INFOPLIST_FILE = "food-trucks/Info.plist";
				LD_RUNPATH_SEARCH_PATHS = (
					"$(inherited)",
					"@executable_path/Frameworks",
				);
				PRODUCT_BUNDLE_IDENTIFIER = "com.zackrubin.food-trucks";
				PRODUCT_NAME = "$(TARGET_NAME)";
				SWIFT_VERSION = 5.0;
				TARGETED_DEVICE_FAMILY = "1,2";
			};
			name = Release;
		};
		1467CEF72682BBA600CB249E /* Debug */ = {
			isa = XCBuildConfiguration;
			buildSettings = {
				ALWAYS_EMBED_SWIFT_STANDARD_LIBRARIES = YES;
				BUNDLE_LOADER = "$(TEST_HOST)";
				CODE_SIGN_STYLE = Automatic;
				INFOPLIST_FILE = "food-trucksTests/Info.plist";
				IPHONEOS_DEPLOYMENT_TARGET = 14.5;
				LD_RUNPATH_SEARCH_PATHS = (
					"$(inherited)",
					"@executable_path/Frameworks",
					"@loader_path/Frameworks",
				);
				PRODUCT_BUNDLE_IDENTIFIER = "com.zackrubin.food-trucksTests";
				PRODUCT_NAME = "$(TARGET_NAME)";
				SWIFT_VERSION = 5.0;
				TARGETED_DEVICE_FAMILY = "1,2";
				TEST_HOST = "$(BUILT_PRODUCTS_DIR)/food-trucks.app/food-trucks";
			};
			name = Debug;
		};
		1467CEF82682BBA600CB249E /* Release */ = {
			isa = XCBuildConfiguration;
			buildSettings = {
				ALWAYS_EMBED_SWIFT_STANDARD_LIBRARIES = YES;
				BUNDLE_LOADER = "$(TEST_HOST)";
				CODE_SIGN_STYLE = Automatic;
				INFOPLIST_FILE = "food-trucksTests/Info.plist";
				IPHONEOS_DEPLOYMENT_TARGET = 14.5;
				LD_RUNPATH_SEARCH_PATHS = (
					"$(inherited)",
					"@executable_path/Frameworks",
					"@loader_path/Frameworks",
				);
				PRODUCT_BUNDLE_IDENTIFIER = "com.zackrubin.food-trucksTests";
				PRODUCT_NAME = "$(TARGET_NAME)";
				SWIFT_VERSION = 5.0;
				TARGETED_DEVICE_FAMILY = "1,2";
				TEST_HOST = "$(BUILT_PRODUCTS_DIR)/food-trucks.app/food-trucks";
			};
			name = Release;
		};
		1467CEFA2682BBA600CB249E /* Debug */ = {
			isa = XCBuildConfiguration;
			buildSettings = {
				ALWAYS_EMBED_SWIFT_STANDARD_LIBRARIES = YES;
				CODE_SIGN_STYLE = Automatic;
				INFOPLIST_FILE = "food-trucksUITests/Info.plist";
				LD_RUNPATH_SEARCH_PATHS = (
					"$(inherited)",
					"@executable_path/Frameworks",
					"@loader_path/Frameworks",
				);
				PRODUCT_BUNDLE_IDENTIFIER = "com.zackrubin.food-trucksUITests";
				PRODUCT_NAME = "$(TARGET_NAME)";
				SWIFT_VERSION = 5.0;
				TARGETED_DEVICE_FAMILY = "1,2";
				TEST_TARGET_NAME = "food-trucks";
			};
			name = Debug;
		};
		1467CEFB2682BBA600CB249E /* Release */ = {
			isa = XCBuildConfiguration;
			buildSettings = {
				ALWAYS_EMBED_SWIFT_STANDARD_LIBRARIES = YES;
				CODE_SIGN_STYLE = Automatic;
				INFOPLIST_FILE = "food-trucksUITests/Info.plist";
				LD_RUNPATH_SEARCH_PATHS = (
					"$(inherited)",
					"@executable_path/Frameworks",
					"@loader_path/Frameworks",
				);
				PRODUCT_BUNDLE_IDENTIFIER = "com.zackrubin.food-trucksUITests";
				PRODUCT_NAME = "$(TARGET_NAME)";
				SWIFT_VERSION = 5.0;
				TARGETED_DEVICE_FAMILY = "1,2";
				TEST_TARGET_NAME = "food-trucks";
			};
			name = Release;
		};
/* End XCBuildConfiguration section */

/* Begin XCConfigurationList section */
		1467CEC42682BBA300CB249E /* Build configuration list for PBXProject "food-trucks" */ = {
			isa = XCConfigurationList;
			buildConfigurations = (
				1467CEF12682BBA600CB249E /* Debug */,
				1467CEF22682BBA600CB249E /* Release */,
			);
			defaultConfigurationIsVisible = 0;
			defaultConfigurationName = Release;
		};
		1467CEF32682BBA600CB249E /* Build configuration list for PBXNativeTarget "food-trucks" */ = {
			isa = XCConfigurationList;
			buildConfigurations = (
				1467CEF42682BBA600CB249E /* Debug */,
				1467CEF52682BBA600CB249E /* Release */,
			);
			defaultConfigurationIsVisible = 0;
			defaultConfigurationName = Release;
		};
		1467CEF62682BBA600CB249E /* Build configuration list for PBXNativeTarget "food-trucksTests" */ = {
			isa = XCConfigurationList;
			buildConfigurations = (
				1467CEF72682BBA600CB249E /* Debug */,
				1467CEF82682BBA600CB249E /* Release */,
			);
			defaultConfigurationIsVisible = 0;
			defaultConfigurationName = Release;
		};
		1467CEF92682BBA600CB249E /* Build configuration list for PBXNativeTarget "food-trucksUITests" */ = {
			isa = XCConfigurationList;
			buildConfigurations = (
				1467CEFA2682BBA600CB249E /* Debug */,
				1467CEFB2682BBA600CB249E /* Release */,
			);
			defaultConfigurationIsVisible = 0;
			defaultConfigurationName = Release;
		};
/* End XCConfigurationList section */
	};
	rootObject = 1467CEC12682BBA300CB249E /* Project object */;
}
